
Microsoft Visual Studio Solution File, Format Version 12.00
# Visual Studio Version 17
VisualStudioVersion = 17.11.35222.181
MinimumVisualStudioVersion = 10.0.40219.1
Project("{9A19103F-16F7-4668-BE54-9A1E7A4F7556}") = "ProyectoFinal.API", "ProyectoFinal.API\ProyectoFinal.API.csproj", "{53F38650-EBE2-4A52-BC3B-F44393589FEE}"
EndProject
Project("{9A19103F-16F7-4668-BE54-9A1E7A4F7556}") = "ProyectoFinal.BL", "ProyectoFinal.BL\ProyectoFinal.BL.csproj", "{F05DB8F0-B3D2-4CC3-8FE6-FEC33C150E8D}"
EndProject
Project("{FAE04EC0-301F-11D3-BF4B-00C04F79EFBC}") = "ProyectoFinal.DS", "ProyectoFinal.DS\ProyectoFinal.DS.csproj", "{93057194-77E1-4FAE-B67A-BCCBB5C00B95}"
EndProject
Global
	GlobalSection(SolutionConfigurationPlatforms) = preSolution
		Debug|Any CPU = Debug|Any CPU
		Release|Any CPU = Release|Any CPU
	EndGlobalSection
	GlobalSection(ProjectConfigurationPlatforms) = postSolution
		{53F38650-EBE2-4A52-BC3B-F44393589FEE}.Debug|Any CPU.ActiveCfg = Debug|Any CPU
		{53F38650-EBE2-4A52-BC3B-F44393589FEE}.Debug|Any CPU.Build.0 = Debug|Any CPU
		{53F38650-EBE2-4A52-BC3B-F44393589FEE}.Release|Any CPU.ActiveCfg = Release|Any CPU
		{53F38650-EBE2-4A52-BC3B-F44393589FEE}.Release|Any CPU.Build.0 = Release|Any CPU
		{F05DB8F0-B3D2-4CC3-8FE6-FEC33C150E8D}.Debug|Any CPU.ActiveCfg = Debug|Any CPU
		{F05DB8F0-B3D2-4CC3-8FE6-FEC33C150E8D}.Debug|Any CPU.Build.0 = Debug|Any CPU
		{F05DB8F0-B3D2-4CC3-8FE6-FEC33C150E8D}.Release|Any CPU.ActiveCfg = Release|Any CPU
		{F05DB8F0-B3D2-4CC3-8FE6-FEC33C150E8D}.Release|Any CPU.Build.0 = Release|Any CPU
		{93057194-77E1-4FAE-B67A-BCCBB5C00B95}.Debug|Any CPU.ActiveCfg = Debug|Any CPU
		{93057194-77E1-4FAE-B67A-BCCBB5C00B95}.Debug|Any CPU.Build.0 = Debug|Any CPU
		{93057194-77E1-4FAE-B67A-BCCBB5C00B95}.Release|Any CPU.ActiveCfg = Release|Any CPU
		{93057194-77E1-4FAE-B67A-BCCBB5C00B95}.Release|Any CPU.Build.0 = Release|Any CPU
	EndGlobalSection
	GlobalSection(SolutionProperties) = preSolution
		HideSolutionNode = FALSE
	EndGlobalSection
	GlobalSection(ExtensibilityGlobals) = postSolution
		SolutionGuid = {9D064E20-7E44-4811-913E-60D647507DEA}
	EndGlobalSection
EndGlobal
